github.com/PuerkitoBio/goquery v1.13.0 h1:mqHbjD7Jmnul4DTR24LKTjo1uUmHUh072kteGV+xpFM=
github.com/PuerkitoBio/goquery v1.13.0/go.mod h1:Hip5mdBL8K2wEGKJdr27sRaNwIdDajmCwB/ExUPwW+g=
github.com/andybalholm/cascadia v1.3.4 h1:vM2lgh0Vru9Vwyfm4cQqWP2HHMW0u0+2PAW7Q38Qufg=
github.com/andybalholm/cascadia v1.3.4/go.mod h1:BLRmbRjpEtNKieZOCCvYj4RqN+KRA41GBe/5O+G93kM=
github.com/ikawaha/kagome-dict v1.1.7 h1:O/uAL+WCGhp6kT0+szxBSPaSM4i+vdArSefFvJE4Nug=
github.com/ikawaha/kagome-dict v1.1.7/go.mod h1:9tvk7/jZkvYt40foxkB9CqSAAknoQrIPfzqQd05UkFw=
github.com/ikawaha/kagome-dict/ipa v1.2.6 h1:Bcvm4jgxAAnTIKb6ckqUKBiFDN0wuanFfycMuYt7xGQ=
github.com/ikawaha/kagome-dict/ipa v1.2.6/go.mod h1:ONdTMUAKMCq9yx4s69QRtPcJLEMVM0BNNYQrMCJLWb0=
github.com/ikawaha/kagome-dict/uni v1.2.6 h1:q5AzlkZ0bFAUmX5EKN/hfb5Ze39pJHyZm+65seQFjdM=
github.com/ikawaha/kagome-dict/uni v1.2.6/go.mod h1:YKr6RV/SKGoEHl4pcxzFnsVemRpRISwgTpSZqqwZbKs=
github.com/ikawaha/kagome/v2 v2.11.0 h1:R914EkRzay9qtUbsFzEbcdZ3wHwwSPvbPkuBI1oIf78=
github.com/ikawaha/kagome/v2 v2.11.0/go.mod h1:6mYPezBou+iNVnX9uNa00Sfu6S6t2zcM8Nv1EW9Y9so=
github.com/mattn/go-sqlite3 v1.14.52 h1:wVbm2Qnf4OXkqhBTSPuCRZDRnxfbVrrmiCEroVdog8U=
github.com/mattn/go-sqlite3 v1.14.52/go.mod h1:6JTjA44L93a0QCyJef5YvlPoKXntQPjzWv5gtm9sB6w=
golang.org/x/net v0.58.0 h1:ynWG7rqYi4ccpTEuPZ2QGWHktVEM9DMCj9yzDE0Q7To=
golang.org/x/net v0.58.0/go.mod h1:YwCddHnFlT7eLQqVprV19OnhLGtc5xOKgE0RyqgfWAU=
golang.org/x/text v0.41.0 h1:vz/seA0lnX87Othu2f/0L24RcgrXD9/YFTSuGjj3rH8=
golang.org/x/text v0.41.0/go.mod h1:jvf1O8ajNzZqhSrQBPbutR/EB83Cc0CFrezNQIwbb5M=
